
Microsoft Visual Studio Solution File, Format Version 12.00
# Visual Studio Version 16
VisualStudioVersion = 16.0.28606.126
MinimumVisualStudioVersion = 10.0.40219.1
Project("{8BC9CEB8-8B4A-11D0-8D11-00A0C91BC942}") = "c1", "c1\c1.vcxproj", "{D69CF505-1E40-415B-AAB6-EBF3EEF3EB6C}"
EndProject
Project("{8BC9CEB8-8B4A-11D0-8D11-00A0C91BC942}") = "c2", "c2\c2.vcxproj", "{D72D2451-C08D-4056-9F93-2C0A481C5A80}"
EndProject
Project("{8BC9CEB8-8B4A-11D0-8D11-00A0C91BC942}") = "c3", "c3\c3.vcxproj", "{0BC3FD91-BC58-486A-ADD0-29B83DAC3B91}"
EndProject
Global
	GlobalSection(SolutionConfigurationPlatforms) = preSolution
		Debug|x64 = Debug|x64
		Debug|x86 = Debug|x86
		Release|x64 = Release|x64
		Release|x86 = Release|x86
	EndGlobalSection
	GlobalSection(ProjectConfigurationPlatforms) = postSolution
		{D69CF505-1E40-415B-AAB6-EBF3EEF3EB6C}.Debug|x64.ActiveCfg = Debug|x64
		{D69CF505-1E40-415B-AAB6-EBF3EEF3EB6C}.Debug|x64.Build.0 = Debug|x64
		{D69CF505-1E40-415B-AAB6-EBF3EEF3EB6C}.Debug|x86.ActiveCfg = Debug|Win32
		{D69CF505-1E40-415B-AAB6-EBF3EEF3EB6C}.Debug|x86.Build.0 = Debug|Win32
		{D69CF505-1E40-415B-AAB6-EBF3EEF3EB6C}.Release|x64.ActiveCfg = Release|x64
		{D69CF505-1E40-415B-AAB6-EBF3EEF3EB6C}.Release|x64.Build.0 = Release|x64
		{D69CF505-1E40-415B-AAB6-EBF3EEF3EB6C}.Release|x86.ActiveCfg = Release|Win32
		{D69CF505-1E40-415B-AAB6-EBF3EEF3EB6C}.Release|x86.Build.0 = Release|Win32
		{D72D2451-C08D-4056-9F93-2C0A481C5A80}.Debug|x64.ActiveCfg = Debug|x64
		{D72D2451-C08D-4056-9F93-2C0A481C5A80}.Debug|x64.Build.0 = Debug|x64
		{D72D2451-C08D-4056-9F93-2C0A481C5A80}.Debug|x86.ActiveCfg = Debug|Win32
		{D72D2451-C08D-4056-9F93-2C0A481C5A80}.Debug|x86.Build.0 = Debug|Win32
		{D72D2451-C08D-4056-9F93-2C0A481C5A80}.Release|x64.ActiveCfg = Release|x64
		{D72D2451-C08D-4056-9F93-2C0A481C5A80}.Release|x64.Build.0 = Release|x64
		{D72D2451-C08D-4056-9F93-2C0A481C5A80}.Release|x86.ActiveCfg = Release|Win32
		{D72D2451-C08D-4056-9F93-2C0A481C5A80}.Release|x86.Build.0 = Release|Win32
		{0BC3FD91-BC58-486A-ADD0-29B83DAC3B91}.Debug|x64.ActiveCfg = Debug|x64
		{0BC3FD91-BC58-486A-ADD0-29B83DAC3B91}.Debug|x64.Build.0 = Debug|x64
		{0BC3FD91-BC58-486A-ADD0-29B83DAC3B91}.Debug|x86.ActiveCfg = Debug|Win32
		{0BC3FD91-BC58-486A-ADD0-29B83DAC3B91}.Debug|x86.Build.0 = Debug|Win32
		{0BC3FD91-BC58-486A-ADD0-29B83DAC3B91}.Release|x64.ActiveCfg = Release|x64
		{0BC3FD91-BC58-486A-ADD0-29B83DAC3B91}.Release|x64.Build.0 = Release|x64
		{0BC3FD91-BC58-486A-ADD0-29B83DAC3B91}.Release|x86.ActiveCfg = Release|Win32
		{0BC3FD91-BC58-486A-ADD0-29B83DAC3B91}.Release|x86.Build.0 = Release|Win32
	EndGlobalSection
	GlobalSection(SolutionProperties) = preSolution
		HideSolutionNode = FALSE
	EndGlobalSection
	GlobalSection(ExtensibilityGlobals) = postSolution
		SolutionGuid = {81E22F82-DECF-4A9D-A57A-6177DA589572}
	EndGlobalSection
EndGlobal
